
Microsoft Visual Studio Solution File, Format Version 12.00
# Visual Studio Version 16
VisualStudioVersion = 16.0.31019.35
MinimumVisualStudioVersion = 10.0.40219.1
Project("{9A19103F-16F7-4668-BE54-9A1E7A4F7556}") = "TestTask", "ConsoleApp1\TestTask.csproj", "{5A59FBB4-AD83-4888-871F-EA4AF955FAF5}"
EndProject
Global
	GlobalSection(SolutionConfigurationPlatforms) = preSolution
		Debug|Any CPU = Debug|Any CPU
		Release|Any CPU = Release|Any CPU
	EndGlobalSection
	GlobalSection(ProjectConfigurationPlatforms) = postSolution
		{5A59FBB4-AD83-4888-871F-EA4AF955FAF5}.Debug|Any CPU.ActiveCfg = Debug|Any CPU
		{5A59FBB4-AD83-4888-871F-EA4AF955FAF5}.Debug|Any CPU.Build.0 = Debug|Any CPU
		{5A59FBB4-AD83-4888-871F-EA4AF955FAF5}.Release|Any CPU.ActiveCfg = Release|Any CPU
		{5A59FBB4-AD83-4888-871F-EA4AF955FAF5}.Release|Any CPU.Build.0 = Release|Any CPU
	EndGlobalSection
	GlobalSection(SolutionProperties) = preSolution
		HideSolutionNode = FALSE
	EndGlobalSection
	GlobalSection(ExtensibilityGlobals) = postSolution
		SolutionGuid = {24175855-1DE9-4CAB-843A-98AB01A8D5B4}
	EndGlobalSection
EndGlobal
